
Microsoft Visual Studio Solution File, Format Version 12.00
# Visual Studio Version 17
VisualStudioVersion = 17.5.002.0
MinimumVisualStudioVersion = 10.0.40219.1
Project("{2150E333-8FDC-42A3-9474-1A3956D46DE8}") = "csharp-prep", "csharp-prep", "{C5CC8A6D-B924-4C3C-8029-D6E6F8C52ADE}"
EndProject
Project("{9A19103F-16F7-4668-BE54-9A1E7A4F7556}") = "Prep1", "csharp-prep\Prep1\Prep1.csproj", "{FACE4389-5902-4E40-98E6-804B6656A5CA}"
EndProject
Project("{9A19103F-16F7-4668-BE54-9A1E7A4F7556}") = "Prep2", "csharp-prep\Prep2\Prep2.csproj", "{7A3C35D5-1F83-4B14-B7EB-5E9BD80B5809}"
EndProject
Project("{9A19103F-16F7-4668-BE54-9A1E7A4F7556}") = "Prep3", "csharp-prep\Prep3\Prep3.csproj", "{8355CCD5-E89A-473B-AA82-BF8C6CD1D80A}"
EndProject
Project("{9A19103F-16F7-4668-BE54-9A1E7A4F7556}") = "Prep4", "csharp-prep\Prep4\Prep4.csproj", "{8B27877F-1C72-42DD-83A7-A59F7FEED9CC}"
EndProject
Project("{9A19103F-16F7-4668-BE54-9A1E7A4F7556}") = "Prep5", "csharp-prep\Prep5\Prep5.csproj", "{A3904DFC-196B-4363-98BE-71477E8D44EF}"
EndProject
Project("{2150E333-8FDC-42A3-9474-1A3956D46DE8}") = "final", "final", "{D5681094-B1AC-4A32-A64F-6C399DF47FB6}"
EndProject
Project("{9A19103F-16F7-4668-BE54-9A1E7A4F7556}") = "FinalProject", "final\FinalProject\FinalProject.csproj", "{06A479BF-43BC-4CDC-BA66-7E4093FF473D}"
EndProject
Project("{9A19103F-16F7-4668-BE54-9A1E7A4F7556}") = "Foundation1", "final\Foundation1\Foundation1.csproj", "{36D97428-0BF8-4815-A12B-721900B15E95}"
EndProject
Project("{9A19103F-16F7-4668-BE54-9A1E7A4F7556}") = "Foundation2", "final\Foundation2\Foundation2.csproj", "{1C60B9D9-9712-410D-9345-CFD93E8FB8DD}"
EndProject
Project("{9A19103F-16F7-4668-BE54-9A1E7A4F7556}") = "Foundation3", "final\Foundation3\Foundation3.csproj", "{273AE262-6A1C-4AB0-9EB2-9234DD657FE6}"
EndProject
Project("{9A19103F-16F7-4668-BE54-9A1E7A4F7556}") = "Foundation4", "final\Foundation4\Foundation4.csproj", "{AD98CD5E-51F0-4B4E-9AB1-712EDD414CD5}"
EndProject
Project("{2150E333-8FDC-42A3-9474-1A3956D46DE8}") = "prepare", "prepare", "{6367D7CA-EF26-4ABE-A95E-030EB9AA6F54}"
EndProject
Project("{9A19103F-16F7-4668-BE54-9A1E7A4F7556}") = "Learning02", "prepare\Learning02\Learning02.csproj", "{0BB34F84-F6E1-4595-B6C8-121AF72EAA83}"
EndProject
Project("{9A19103F-16F7-4668-BE54-9A1E7A4F7556}") = "Learning03", "prepare\Learning03\Learning03.csproj", "{A877AC1F-A8B1-4413-BADA-482BAFDDBA61}"
EndProject
Project("{9A19103F-16F7-4668-BE54-9A1E7A4F7556}") = "Learning04", "prepare\Learning04\Learning04.csproj", "{E6B5ED55-21A1-41CC-81A4-FC0093D14C98}"
EndProject
Project("{9A19103F-16F7-4668-BE54-9A1E7A4F7556}") = "Learning05", "prepare\Learning05\Learning05.csproj", "{29F0D9F0-B5C2-40A9-9D06-0AACB7E5B885}"
EndProject
Project("{2150E333-8FDC-42A3-9474-1A3956D46DE8}") = "prove", "prove", "{88DE9806-7482-4B52-A7F2-DF89D04D8594}"
EndProject
Project("{9A19103F-16F7-4668-BE54-9A1E7A4F7556}") = "Develop02", "prove\Develop02\Develop02.csproj", "{01A6A0E9-6C31-424C-81D6-7DAEAFA3D698}"
EndProject
Project("{9A19103F-16F7-4668-BE54-9A1E7A4F7556}") = "Develop03", "prove\Develop03\Develop03.csproj", "{E6AE4C43-899F-4890-B1BE-17AE67DAD1BB}"
EndProject
Project("{9A19103F-16F7-4668-BE54-9A1E7A4F7556}") = "Develop04", "prove\Develop04\Develop04.csproj", "{AD117960-8AFF-41AF-A6A8-B0D4A04BE950}"
EndProject
Project("{9A19103F-16F7-4668-BE54-9A1E7A4F7556}") = "Develop05", "prove\Develop05\Develop05.csproj", "{9A9193E7-4100-4F55-A7C0-4A3F764DF0AC}"
EndProject
Project("{2150E333-8FDC-42A3-9474-1A3956D46DE8}") = "sandbox", "sandbox", "{2CCBE4DD-A19E-489E-BF9E-CF0D3C0F6C78}"
EndProject
Project("{9A19103F-16F7-4668-BE54-9A1E7A4F7556}") = "Sandbox", "sandbox\Sandbox\Sandbox.csproj", "{6AFE35B7-2BBD-44E5-BF63-E2AD2A133301}"
EndProject
Global
	GlobalSection(SolutionConfigurationPlatforms) = preSolution
		Debug|Any CPU = Debug|Any CPU
		Release|Any CPU = Release|Any CPU
	EndGlobalSection
	GlobalSection(ProjectConfigurationPlatforms) = postSolution
		{FACE4389-5902-4E40-98E6-804B6656A5CA}.Debug|Any CPU.ActiveCfg = Debug|Any CPU
		{FACE4389-5902-4E40-98E6-804B6656A5CA}.Debug|Any CPU.Build.0 = Debug|Any CPU
		{FACE4389-5902-4E40-98E6-804B6656A5CA}.Release|Any CPU.ActiveCfg = Release|Any CPU
		{FACE4389-5902-4E40-98E6-804B6656A5CA}.Release|Any CPU.Build.0 = Release|Any CPU
		{7A3C35D5-1F83-4B14-B7EB-5E9BD80B5809}.Debug|Any CPU.ActiveCfg = Debug|Any CPU
		{7A3C35D5-1F83-4B14-B7EB-5E9BD80B5809}.Debug|Any CPU.Build.0 = Debug|Any CPU
		{7A3C35D5-1F83-4B14-B7EB-5E9BD80B5809}.Release|Any CPU.ActiveCfg = Release|Any CPU
		{7A3C35D5-1F83-4B14-B7EB-5E9BD80B5809}.Release|Any CPU.Build.0 = Release|Any CPU
		{8355CCD5-E89A-473B-AA82-BF8C6CD1D80A}.Debug|Any CPU.ActiveCfg = Debug|Any CPU
		{8355CCD5-E89A-473B-AA82-BF8C6CD1D80A}.Debug|Any CPU.Build.0 = Debug|Any CPU
		{8355CCD5-E89A-473B-AA82-BF8C6CD1D80A}.Release|Any CPU.ActiveCfg = Release|Any CPU
		{8355CCD5-E89A-473B-AA82-BF8C6CD1D80A}.Release|Any CPU.Build.0 = Release|Any CPU
		{8B27877F-1C72-42DD-83A7-A59F7FEED9CC}.Debug|Any CPU.ActiveCfg = Debug|Any CPU
		{8B27877F-1C72-42DD-83A7-A59F7FEED9CC}.Debug|Any CPU.Build.0 = Debug|Any CPU
		{8B27877F-1C72-42DD-83A7-A59F7FEED9CC}.Release|Any CPU.ActiveCfg = Release|Any CPU
		{8B27877F-1C72-42DD-83A7-A59F7FEED9CC}.Release|Any CPU.Build.0 = Release|Any CPU
		{A3904DFC-196B-4363-98BE-71477E8D44EF}.Debug|Any CPU.ActiveCfg = Debug|Any CPU
		{A3904DFC-196B-4363-98BE-71477E8D44EF}.Debug|Any CPU.Build.0 = Debug|Any CPU
		{A3904DFC-196B-4363-98BE-71477E8D44EF}.Release|Any CPU.ActiveCfg = Release|Any CPU
		{A3904DFC-196B-4363-98BE-71477E8D44EF}.Release|Any CPU.Build.0 = Release|Any CPU
		{06A479BF-43BC-4CDC-BA66-7E4093FF473D}.Debug|Any CPU.ActiveCfg = Debug|Any CPU
		{06A479BF-43BC-4CDC-BA66-7E4093FF473D}.Debug|Any CPU.Build.0 = Debug|Any CPU
		{06A479BF-43BC-4CDC-BA66-7E4093FF473D}.Release|Any CPU.ActiveCfg = Release|Any CPU
		{06A479BF-43BC-4CDC-BA66-7E4093FF473D}.Release|Any CPU.Build.0 = Release|Any CPU
		{36D97428-0BF8-4815-A12B-721900B15E95}.Debug|Any CPU.ActiveCfg = Debug|Any CPU
		{36D97428-0BF8-4815-A12B-721900B15E95}.Debug|Any CPU.Build.0 = Debug|Any CPU
		{36D97428-0BF8-4815-A12B-721900B15E95}.Release|Any CPU.ActiveCfg = Release|Any CPU
		{36D97428-0BF8-4815-A12B-721900B15E95}.Release|Any CPU.Build.0 = Release|Any CPU
		{1C60B9D9-9712-410D-9345-CFD93E8FB8DD}.Debug|Any CPU.ActiveCfg = Debug|Any CPU
		{1C60B9D9-9712-410D-9345-CFD93E8FB8DD}.Debug|Any CPU.Build.0 = Debug|Any CPU
		{1C60B9D9-9712-410D-9345-CFD93E8FB8DD}.Release|Any CPU.ActiveCfg = Release|Any CPU
		{1C60B9D9-9712-410D-9345-CFD93E8FB8DD}.Release|Any CPU.Build.0 = Release|Any CPU
		{273AE262-6A1C-4AB0-9EB2-9234DD657FE6}.Debug|Any CPU.ActiveCfg = Debug|Any CPU
		{273AE262-6A1C-4AB0-9EB2-9234DD657FE6}.Debug|Any CPU.Build.0 = Debug|Any CPU
		{273AE262-6A1C-4AB0-9EB2-9234DD657FE6}.Release|Any CPU.ActiveCfg = Release|Any CPU
		{273AE262-6A1C-4AB0-9EB2-9234DD657FE6}.Release|Any CPU.Build.0 = Release|Any CPU
		{AD98CD5E-51F0-4B4E-9AB1-712EDD414CD5}.Debug|Any CPU.ActiveCfg = Debug|Any CPU
		{AD98CD5E-51F0-4B4E-9AB1-712EDD414CD5}.Debug|Any CPU.Build.0 = Debug|Any CPU
		{AD98CD5E-51F0-4B4E-9AB1-712EDD414CD5}.Release|Any CPU.ActiveCfg = Release|Any CPU
		{AD98CD5E-51F0-4B4E-9AB1-712EDD414CD5}.Release|Any CPU.Build.0 = Release|Any CPU
		{0BB34F84-F6E1-4595-B6C8-121AF72EAA83}.Debug|Any CPU.ActiveCfg = Debug|Any CPU
		{0BB34F84-F6E1-4595-B6C8-121AF72EAA83}.Debug|Any CPU.Build.0 = Debug|Any CPU
		{0BB34F84-F6E1-4595-B6C8-121AF72EAA83}.Release|Any CPU.ActiveCfg = Release|Any CPU
		{0BB34F84-F6E1-4595-B6C8-121AF72EAA83}.Release|Any CPU.Build.0 = Release|Any CPU
		{A877AC1F-A8B1-4413-BADA-482BAFDDBA61}.Debug|Any CPU.ActiveCfg = Debug|Any CPU
		{A877AC1F-A8B1-4413-BADA-482BAFDDBA61}.Debug|Any CPU.Build.0 = Debug|Any CPU
		{A877AC1F-A8B1-4413-BADA-482BAFDDBA61}.Release|Any CPU.ActiveCfg = Release|Any CPU
		{A877AC1F-A8B1-4413-BADA-482BAFDDBA61}.Release|Any CPU.Build.0 = Release|Any CPU
		{E6B5ED55-21A1-41CC-81A4-FC0093D14C98}.Debug|Any CPU.ActiveCfg = Debug|Any CPU
		{E6B5ED55-21A1-41CC-81A4-FC0093D14C98}.Debug|Any CPU.Build.0 = Debug|Any CPU
		{E6B5ED55-21A1-41CC-81A4-FC0093D14C98}.Release|Any CPU.ActiveCfg = Release|Any CPU
		{E6B5ED55-21A1-41CC-81A4-FC0093D14C98}.Release|Any CPU.Build.0 = Release|Any CPU
		{29F0D9F0-B5C2-40A9-9D06-0AACB7E5B885}.Debug|Any CPU.ActiveCfg = Debug|Any CPU
		{29F0D9F0-B5C2-40A9-9D06-0AACB7E5B885}.Debug|Any CPU.Build.0 = Debug|Any CPU
		{29F0D9F0-B5C2-40A9-9D06-0AACB7E5B885}.Release|Any CPU.ActiveCfg = Release|Any CPU
		{29F0D9F0-B5C2-40A9-9D06-0AACB7E5B885}.Release|Any CPU.Build.0 = Release|Any CPU
		{01A6A0E9-6C31-424C-81D6-7DAEAFA3D698}.Debug|Any CPU.ActiveCfg = Debug|Any CPU
		{01A6A0E9-6C31-424C-81D6-7DAEAFA3D698}.Debug|Any CPU.Build.0 = Debug|Any CPU
		{01A6A0E9-6C31-424C-81D6-7DAEAFA3D698}.Release|Any CPU.ActiveCfg = Release|Any CPU
		{01A6A0E9-6C31-424C-81D6-7DAEAFA3D698}.Release|Any CPU.Build.0 = Release|Any CPU
		{E6AE4C43-899F-4890-B1BE-17AE67DAD1BB}.Debug|Any CPU.ActiveCfg = Debug|Any CPU
		{E6AE4C43-899F-4890-B1BE-17AE67DAD1BB}.Debug|Any CPU.Build.0 = Debug|Any CPU
		{E6AE4C43-899F-4890-B1BE-17AE67DAD1BB}.Release|Any CPU.ActiveCfg = Release|Any CPU
		{E6AE4C43-899F-4890-B1BE-17AE67DAD1BB}.Release|Any CPU.Build.0 = Release|Any CPU
		{AD117960-8AFF-41AF-A6A8-B0D4A04BE950}.Debug|Any CPU.ActiveCfg = Debug|Any CPU
		{AD117960-8AFF-41AF-A6A8-B0D4A04BE950}.Debug|Any CPU.Build.0 = Debug|Any CPU
		{AD117960-8AFF-41AF-A6A8-B0D4A04BE950}.Release|Any CPU.ActiveCfg = Release|Any CPU
		{AD117960-8AFF-41AF-A6A8-B0D4A04BE950}.Release|Any CPU.Build.0 = Release|Any CPU
		{9A9193E7-4100-4F55-A7C0-4A3F764DF0AC}.Debug|Any CPU.ActiveCfg = Debug|Any CPU
		{9A9193E7-4100-4F55-A7C0-4A3F764DF0AC}.Debug|Any CPU.Build.0 = Debug|Any CPU
		{9A9193E7-4100-4F55-A7C0-4A3F764DF0AC}.Release|Any CPU.ActiveCfg = Release|Any CPU
		{9A9193E7-4100-4F55-A7C0-4A3F764DF0AC}.Release|Any CPU.Build.0 = Release|Any CPU
		{6AFE35B7-2BBD-44E5-BF63-E2AD2A133301}.Debug|Any CPU.ActiveCfg = Debug|Any CPU
		{6AFE35B7-2BBD-44E5-BF63-E2AD2A133301}.Debug|Any CPU.Build.0 = Debug|Any CPU
		{6AFE35B7-2BBD-44E5-BF63-E2AD2A133301}.Release|Any CPU.ActiveCfg = Release|Any CPU
		{6AFE35B7-2BBD-44E5-BF63-E2AD2A133301}.Release|Any CPU.Build.0 = Release|Any CPU
	EndGlobalSection
	GlobalSection(SolutionProperties) = preSolution
		HideSolutionNode = FALSE
	EndGlobalSection
	GlobalSection(NestedProjects) = preSolution
		{FACE4389-5902-4E40-98E6-804B6656A5CA} = {C5CC8A6D-B924-4C3C-8029-D6E6F8C52ADE}
		{7A3C35D5-1F83-4B14-B7EB-5E9BD80B5809} = {C5CC8A6D-B924-4C3C-8029-D6E6F8C52ADE}
		{8355CCD5-E89A-473B-AA82-BF8C6CD1D80A} = {C5CC8A6D-B924-4C3C-8029-D6E6F8C52ADE}
		{8B27877F-1C72-42DD-83A7-A59F7FEED9CC} = {C5CC8A6D-B924-4C3C-8029-D6E6F8C52ADE}
		{A3904DFC-196B-4363-98BE-71477E8D44EF} = {C5CC8A6D-B924-4C3C-8029-D6E6F8C52ADE}
		{06A479BF-43BC-4CDC-BA66-7E4093FF473D} = {D5681094-B1AC-4A32-A64F-6C399DF47FB6}
		{36D97428-0BF8-4815-A12B-721900B15E95} = {D5681094-B1AC-4A32-A64F-6C399DF47FB6}
		{1C60B9D9-9712-410D-9345-CFD93E8FB8DD} = {D5681094-B1AC-4A32-A64F-6C399DF47FB6}
		{273AE262-6A1C-4AB0-9EB2-9234DD657FE6} = {D5681094-B1AC-4A32-A64F-6C399DF47FB6}
		{AD98CD5E-51F0-4B4E-9AB1-712EDD414CD5} = {D5681094-B1AC-4A32-A64F-6C399DF47FB6}
		{0BB34F84-F6E1-4595-B6C8-121AF72EAA83} = {6367D7CA-EF26-4ABE-A95E-030EB9AA6F54}
		{A877AC1F-A8B1-4413-BADA-482BAFDDBA61} = {6367D7CA-EF26-4ABE-A95E-030EB9AA6F54}
		{E6B5ED55-21A1-41CC-81A4-FC0093D14C98} = {6367D7CA-EF26-4ABE-A95E-030EB9AA6F54}
		{29F0D9F0-B5C2-40A9-9D06-0AACB7E5B885} = {6367D7CA-EF26-4ABE-A95E-030EB9AA6F54}
		{01A6A0E9-6C31-424C-81D6-7DAEAFA3D698} = {88DE9806-7482-4B52-A7F2-DF89D04D8594}
		{E6AE4C43-899F-4890-B1BE-17AE67DAD1BB} = {88DE9806-7482-4B52-A7F2-DF89D04D8594}
		{AD117960-8AFF-41AF-A6A8-B0D4A04BE950} = {88DE9806-7482-4B52-A7F2-DF89D04D8594}
		{9A9193E7-4100-4F55-A7C0-4A3F764DF0AC} = {88DE9806-7482-4B52-A7F2-DF89D04D8594}
		{6AFE35B7-2BBD-44E5-BF63-E2AD2A133301} = {2CCBE4DD-A19E-489E-BF9E-CF0D3C0F6C78}
	EndGlobalSection
	GlobalSection(ExtensibilityGlobals) = postSolution
		SolutionGuid = {FFF006F0-1F19-44B4-A127-EECA4A7D9778}
	EndGlobalSection
EndGlobal
